// !$*UTF8*$!
{
	archiveVersion = 1;
	classes = {
	};
	objectVersion = 51;
	objects = {

/* Begin PBXBuildFile section */
		022546DA122F7C39A048AC75 /* Pods_Marugoto.framework in Frameworks */ = {isa = PBXBuildFile; fileRef = 880E2DA21F5087A273E2E38B /* Pods_Marugoto.framework */; };
		0B39180922A66CE400911970 /* Song.swift in Sources */ = {isa = PBXBuildFile; fileRef = 0B39180822A66CE400911970 /* Song.swift */; };
		0B42633C229D5E2C004936FF /* sound_3.mp3 in Resources */ = {isa = PBXBuildFile; fileRef = 0B426339229D5E2C004936FF /* sound_3.mp3 */; };
		0B42633D229D5E2C004936FF /* sound_4.mp3 in Resources */ = {isa = PBXBuildFile; fileRef = 0B42633A229D5E2C004936FF /* sound_4.mp3 */; };
		0B42633E229D5E2C004936FF /* sound_2.mp3 in Resources */ = {isa = PBXBuildFile; fileRef = 0B42633B229D5E2C004936FF /* sound_2.mp3 */; };
		0B6498CE229C782B00F67E04 /* sound_1.mp3 in Resources */ = {isa = PBXBuildFile; fileRef = 0B6498CD229C782B00F67E04 /* sound_1.mp3 */; };
		0B6E66D222A50C650020F303 /* AlphabetViewController.swift in Sources */ = {isa = PBXBuildFile; fileRef = 0B6E66D122A50C650020F303 /* AlphabetViewController.swift */; };
		0B6E66D422A518C00020F303 /* Alphabet.swift in Sources */ = {isa = PBXBuildFile; fileRef = 0B6E66D322A518C00020F303 /* Alphabet.swift */; };
		0B6E66D622A51DC60020F303 /* AlphabetTableViewCell.swift in Sources */ = {isa = PBXBuildFile; fileRef = 0B6E66D522A51DC60020F303 /* AlphabetTableViewCell.swift */; };
		0B6E66D822A5535E0020F303 /* SoundTableViewCell.swift in Sources */ = {isa = PBXBuildFile; fileRef = 0B6E66D722A5535E0020F303 /* SoundTableViewCell.swift */; };
		0B842BEC22AE9576008DDD2E /* 2276-hiragana-a.json in Resources */ = {isa = PBXBuildFile; fileRef = 0B842BEB22AE9575008DDD2E /* 2276-hiragana-a.json */; };
		0B842BEE22AEB259008DDD2E /* bb8.json in Resources */ = {isa = PBXBuildFile; fileRef = 0B842BED22AEB259008DDD2E /* bb8.json */; };
		0B842BF022AEB2E4008DDD2E /* data.json in Resources */ = {isa = PBXBuildFile; fileRef = 0B842BEF22AEB2E3008DDD2E /* data.json */; };
		0B8EEA3A22AC14A9002259D2 /* SurveyViewController.swift in Sources */ = {isa = PBXBuildFile; fileRef = 0B8EEA3922AC14A9002259D2 /* SurveyViewController.swift */; };
		0B8EEA3C22AC1502002259D2 /* Survey.swift in Sources */ = {isa = PBXBuildFile; fileRef = 0B8EEA3B22AC1502002259D2 /* Survey.swift */; };
		0BDADD63229BC9D9009D97FA /* AppDelegate.swift in Sources */ = {isa = PBXBuildFile; fileRef = 0BDADD62229BC9D9009D97FA /* AppDelegate.swift */; };
		0BDADD65229BC9D9009D97FA /* ViewController.swift in Sources */ = {isa = PBXBuildFile; fileRef = 0BDADD64229BC9D9009D97FA /* ViewController.swift */; };
		0BDADD68229BC9D9009D97FA /* Main.storyboard in Resources */ = {isa = PBXBuildFile; fileRef = 0BDADD66229BC9D9009D97FA /* Main.storyboard */; };
		0BDADD6A229BC9DA009D97FA /* Assets.xcassets in Resources */ = {isa = PBXBuildFile; fileRef = 0BDADD69229BC9DA009D97FA /* Assets.xcassets */; };
		0BDADD6D229BC9DA009D97FA /* LaunchScreen.storyboard in Resources */ = {isa = PBXBuildFile; fileRef = 0BDADD6B229BC9DA009D97FA /* LaunchScreen.storyboard */; };
		0BDADD75229BDEAD009D97FA /* CoursTableViewController.swift in Sources */ = {isa = PBXBuildFile; fileRef = 0BDADD74229BDEAD009D97FA /* CoursTableViewController.swift */; };
		0BDADD77229BE0CC009D97FA /* UserData.swift in Sources */ = {isa = PBXBuildFile; fileRef = 0BDADD76229BE0CC009D97FA /* UserData.swift */; };
		0BDADD7B229BE289009D97FA /* Lesson.swift in Sources */ = {isa = PBXBuildFile; fileRef = 0BDADD7A229BE289009D97FA /* Lesson.swift */; };
		0BDADD82229C21CB009D97FA /* DetailsLessonViewController.swift in Sources */ = {isa = PBXBuildFile; fileRef = 0BDADD81229C21CA009D97FA /* DetailsLessonViewController.swift */; };
		0BDBDBFE22A7BFCE007B09AC /* NumberCollectionViewController.swift in Sources */ = {isa = PBXBuildFile; fileRef = 0BDBDBFD22A7BFCE007B09AC /* NumberCollectionViewController.swift */; };
		0BDBDC0022A7C06E007B09AC /* Number.swift in Sources */ = {isa = PBXBuildFile; fileRef = 0BDBDBFF22A7C06E007B09AC /* Number.swift */; };
		0BDBDC0222A7C2D4007B09AC /* NumberViewCell.swift in Sources */ = {isa = PBXBuildFile; fileRef = 0BDBDC0122A7C2D4007B09AC /* NumberViewCell.swift */; };
		0BDBDC0622A90EA3007B09AC /* CountObjectViewController.swift in Sources */ = {isa = PBXBuildFile; fileRef = 0BDBDC0522A90EA3007B09AC /* CountObjectViewController.swift */; };
		0BDBDC0822A91354007B09AC /* CountObjectTBViewCell.swift in Sources */ = {isa = PBXBuildFile; fileRef = 0BDBDC0722A91354007B09AC /* CountObjectTBViewCell.swift */; };
		0BDBDC0A22A92D6F007B09AC /* Extension.swift in Sources */ = {isa = PBXBuildFile; fileRef = 0BDBDC0922A92D6F007B09AC /* Extension.swift */; };
		0BDBDC1222A950E4007B09AC /* CountObject.swift in Sources */ = {isa = PBXBuildFile; fileRef = 0BDBDC1122A950E4007B09AC /* CountObject.swift */; };
		0BDBDC1422A95164007B09AC /* SectionCountObject.swift in Sources */ = {isa = PBXBuildFile; fileRef = 0BDBDC1322A95164007B09AC /* SectionCountObject.swift */; };
		0BE53F8022AA65A80098CCFA /* DrawAlphabetViewController.swift in Sources */ = {isa = PBXBuildFile; fileRef = 0BE53F7F22AA65A80098CCFA /* DrawAlphabetViewController.swift */; };
		0BE53F8222AA6ACB0098CCFA /* Drawer.swift in Sources */ = {isa = PBXBuildFile; fileRef = 0BE53F8122AA6ACB0098CCFA /* Drawer.swift */; };
		0BE53F8422AA82D50098CCFA /* CanvasView.swift in Sources */ = {isa = PBXBuildFile; fileRef = 0BE53F8322AA82D50098CCFA /* CanvasView.swift */; };
		0BE6903922AD499F0005B82F /* 003_1_1_2[2]_konnichiwa.mp3 in Resources */ = {isa = PBXBuildFile; fileRef = 0BE6902D22AD499D0005B82F /* 003_1_1_2[2]_konnichiwa.mp3 */; };
		0BE6903A22AD499F0005B82F /* 002_1_1_2[1]_ohayoo.mp3 in Resources */ = {isa = PBXBuildFile; fileRef = 0BE6902E22AD499D0005B82F /* 002_1_1_2[1]_ohayoo.mp3 */; };
		0BE6903B22AD499F0005B82F /* 002_1_1_2.mp3 in Resources */ = {isa = PBXBuildFile; fileRef = 0BE6902F22AD499D0005B82F /* 002_1_1_2.mp3 */; };
		0BE6903C22AD499F0005B82F /* 007_1_1_2[6]_arigatoo.mp3 in Resources */ = {isa = PBXBuildFile; fileRef = 0BE6903022AD499E0005B82F /* 007_1_1_2[6]_arigatoo.mp3 */; };
		0BE6903D22AD499F0005B82F /* 009_1_1_2[8]_sumimasen.mp3 in Resources */ = {isa = PBXBuildFile; fileRef = 0BE6903122AD499E0005B82F /* 009_1_1_2[8]_sumimasen.mp3 */; };
		0BE6903E22AD499F0005B82F /* 001_A1_katsudoo_title.mp3 in Resources */ = {isa = PBXBuildFile; fileRef = 0BE6903222AD499E0005B82F /* 001_A1_katsudoo_title.mp3 */; };
		0BE6903F22AD499F0005B82F /* 004_1_1_2[3]_konbanwa.mp3 in Resources */ = {isa = PBXBuildFile; fileRef = 0BE6903322AD499E0005B82F /* 004_1_1_2[3]_konbanwa.mp3 */; };
		0BE6904022AD499F0005B82F /* 008_1_1_2[7]_sumimasen.mp3 in Resources */ = {isa = PBXBuildFile; fileRef = 0BE6903422AD499E0005B82F /* 008_1_1_2[7]_sumimasen.mp3 */; };
		0BE6904122AD499F0005B82F /* 233_can-do_1_(1_1_3).mp3 in Resources */ = {isa = PBXBuildFile; fileRef = 0BE6903522AD499E0005B82F /* 233_can-do_1_(1_1_3).mp3 */; };
		0BE6904222AD499F0005B82F /* 006_1_1_2[5]_osaki_ni.mp3 in Resources */ = {isa = PBXBuildFile; fileRef = 0BE6903622AD499E0005B82F /* 006_1_1_2[5]_osaki_ni.mp3 */; };
		0BE6904322AD499F0005B82F /* 010_1_1_2[9]_sumimasen.mp3 in Resources */ = {isa = PBXBuildFile; fileRef = 0BE6903722AD499F0005B82F /* 010_1_1_2[9]_sumimasen.mp3 */; };
		0BE6904422AD499F0005B82F /* 005_1_1_2[4]_sayoonara.mp3 in Resources */ = {isa = PBXBuildFile; fileRef = 0BE6903822AD499F0005B82F /* 005_1_1_2[4]_sayoonara.mp3 */; };
/* End PBXBuildFile section */

/* Begin PBXFileReference section */
		0B39180822A66CE400911970 /* Song.swift */ = {isa = PBXFileReference; lastKnownFileType = sourcecode.swift; path = Song.swift; sourceTree = "<group>"; };
		0B426339229D5E2C004936FF /* sound_3.mp3 */ = {isa = PBXFileReference; lastKnownFileType = audio.mp3; path = sound_3.mp3; sourceTree = "<group>"; };
		0B42633A229D5E2C004936FF /* sound_4.mp3 */ = {isa = PBXFileReference; lastKnownFileType = audio.mp3; path = sound_4.mp3; sourceTree = "<group>"; };
		0B42633B229D5E2C004936FF /* sound_2.mp3 */ = {isa = PBXFileReference; lastKnownFileType = audio.mp3; path = sound_2.mp3; sourceTree = "<group>"; };
		0B6498CD229C782B00F67E04 /* sound_1.mp3 */ = {isa = PBXFileReference; lastKnownFileType = audio.mp3; name = sound_1.mp3; path = Sounds/sound_1.mp3; sourceTree = "<group>"; };
		0B6E66D122A50C650020F303 /* AlphabetViewController.swift */ = {isa = PBXFileReference; lastKnownFileType = sourcecode.swift; path = AlphabetViewController.swift; sourceTree = "<group>"; };
		0B6E66D322A518C00020F303 /* Alphabet.swift */ = {isa = PBXFileReference; lastKnownFileType = sourcecode.swift; path = Alphabet.swift; sourceTree = "<group>"; };
		0B6E66D522A51DC60020F303 /* AlphabetTableViewCell.swift */ = {isa = PBXFileReference; lastKnownFileType = sourcecode.swift; path = AlphabetTableViewCell.swift; sourceTree = "<group>"; };
		0B6E66D722A5535E0020F303 /* SoundTableViewCell.swift */ = {isa = PBXFileReference; lastKnownFileType = sourcecode.swift; path = SoundTableViewCell.swift; sourceTree = "<group>"; };
		0B842BEB22AE9575008DDD2E /* 2276-hiragana-a.json */ = {isa = PBXFileReference; fileEncoding = 4; lastKnownFileType = text.json; path = "2276-hiragana-a.json"; sourceTree = "<group>"; };
		0B842BED22AEB259008DDD2E /* bb8.json */ = {isa = PBXFileReference; fileEncoding = 4; lastKnownFileType = text.json; path = bb8.json; sourceTree = "<group>"; };
		0B842BEF22AEB2E3008DDD2E /* data.json */ = {isa = PBXFileReference; fileEncoding = 4; lastKnownFileType = text.json; path = data.json; sourceTree = "<group>"; };
		0B8EEA3922AC14A9002259D2 /* SurveyViewController.swift */ = {isa = PBXFileReference; lastKnownFileType = sourcecode.swift; path = SurveyViewController.swift; sourceTree = "<group>"; };
		0B8EEA3B22AC1502002259D2 /* Survey.swift */ = {isa = PBXFileReference; lastKnownFileType = sourcecode.swift; path = Survey.swift; sourceTree = "<group>"; };
		0BDADD5F229BC9D9009D97FA /* Marugoto.app */ = {isa = PBXFileReference; explicitFileType = wrapper.application; includeInIndex = 0; path = Marugoto.app; sourceTree = BUILT_PRODUCTS_DIR; };
		0BDADD62229BC9D9009D97FA /* AppDelegate.swift */ = {isa = PBXFileReference; lastKnownFileType = sourcecode.swift; path = AppDelegate.swift; sourceTree = "<group>"; };
		0BDADD64229BC9D9009D97FA /* ViewController.swift */ = {isa = PBXFileReference; lastKnownFileType = sourcecode.swift; path = ViewController.swift; sourceTree = "<group>"; };
		0BDADD67229BC9D9009D97FA /* Base */ = {isa = PBXFileReference; lastKnownFileType = file.storyboard; name = Base; path = Base.lproj/Main.storyboard; sourceTree = "<group>"; };
		0BDADD69229BC9DA009D97FA /* Assets.xcassets */ = {isa = PBXFileReference; lastKnownFileType = folder.assetcatalog; path = Assets.xcassets; sourceTree = "<group>"; };
		0BDADD6C229BC9DA009D97FA /* Base */ = {isa = PBXFileReference; lastKnownFileType = file.storyboard; name = Base; path = Base.lproj/LaunchScreen.storyboard; sourceTree = "<group>"; };
		0BDADD6E229BC9DA009D97FA /* Info.plist */ = {isa = PBXFileReference; lastKnownFileType = text.plist.xml; path = Info.plist; sourceTree = "<group>"; };
		0BDADD74229BDEAD009D97FA /* CoursTableViewController.swift */ = {isa = PBXFileReference; lastKnownFileType = sourcecode.swift; path = CoursTableViewController.swift; sourceTree = "<group>"; };
		0BDADD76229BE0CC009D97FA /* UserData.swift */ = {isa = PBXFileReference; lastKnownFileType = sourcecode.swift; path = UserData.swift; sourceTree = "<group>"; };
		0BDADD7A229BE289009D97FA /* Lesson.swift */ = {isa = PBXFileReference; lastKnownFileType = sourcecode.swift; path = Lesson.swift; sourceTree = "<group>"; };
		0BDADD81229C21CA009D97FA /* DetailsLessonViewController.swift */ = {isa = PBXFileReference; lastKnownFileType = sourcecode.swift; path = DetailsLessonViewController.swift; sourceTree = "<group>"; };
		0BDBDBFD22A7BFCE007B09AC /* NumberCollectionViewController.swift */ = {isa = PBXFileReference; lastKnownFileType = sourcecode.swift; path = NumberCollectionViewController.swift; sourceTree = "<group>"; };
		0BDBDBFF22A7C06E007B09AC /* Number.swift */ = {isa = PBXFileReference; lastKnownFileType = sourcecode.swift; path = Number.swift; sourceTree = "<group>"; };
		0BDBDC0122A7C2D4007B09AC /* NumberViewCell.swift */ = {isa = PBXFileReference; lastKnownFileType = sourcecode.swift; path = NumberViewCell.swift; sourceTree = "<group>"; };
		0BDBDC0522A90EA3007B09AC /* CountObjectViewController.swift */ = {isa = PBXFileReference; lastKnownFileType = sourcecode.swift; path = CountObjectViewController.swift; sourceTree = "<group>"; };
		0BDBDC0722A91354007B09AC /* CountObjectTBViewCell.swift */ = {isa = PBXFileReference; lastKnownFileType = sourcecode.swift; path = CountObjectTBViewCell.swift; sourceTree = "<group>"; };
		0BDBDC0922A92D6F007B09AC /* Extension.swift */ = {isa = PBXFileReference; lastKnownFileType = sourcecode.swift; path = Extension.swift; sourceTree = "<group>"; };
		0BDBDC1122A950E4007B09AC /* CountObject.swift */ = {isa = PBXFileReference; lastKnownFileType = sourcecode.swift; path = CountObject.swift; sourceTree = "<group>"; };
		0BDBDC1322A95164007B09AC /* SectionCountObject.swift */ = {isa = PBXFileReference; lastKnownFileType = sourcecode.swift; path = SectionCountObject.swift; sourceTree = "<group>"; };
		0BE53F7F22AA65A80098CCFA /* DrawAlphabetViewController.swift */ = {isa = PBXFileReference; lastKnownFileType = sourcecode.swift; path = DrawAlphabetViewController.swift; sourceTree = "<group>"; };
		0BE53F8122AA6ACB0098CCFA /* Drawer.swift */ = {isa = PBXFileReference; lastKnownFileType = sourcecode.swift; path = Drawer.swift; sourceTree = "<group>"; };
		0BE53F8322AA82D50098CCFA /* CanvasView.swift */ = {isa = PBXFileReference; lastKnownFileType = sourcecode.swift; path = CanvasView.swift; sourceTree = "<group>"; };
		0BE6902D22AD499D0005B82F /* 003_1_1_2[2]_konnichiwa.mp3 */ = {isa = PBXFileReference; lastKnownFileType = audio.mp3; path = "003_1_1_2[2]_konnichiwa.mp3"; sourceTree = "<group>"; };
		0BE6902E22AD499D0005B82F /* 002_1_1_2[1]_ohayoo.mp3 */ = {isa = PBXFileReference; lastKnownFileType = audio.mp3; path = "002_1_1_2[1]_ohayoo.mp3"; sourceTree = "<group>"; };
		0BE6902F22AD499D0005B82F /* 002_1_1_2.mp3 */ = {isa = PBXFileReference; lastKnownFileType = audio.mp3; path = 002_1_1_2.mp3; sourceTree = "<group>"; };
		0BE6903022AD499E0005B82F /* 007_1_1_2[6]_arigatoo.mp3 */ = {isa = PBXFileReference; lastKnownFileType = audio.mp3; path = "007_1_1_2[6]_arigatoo.mp3"; sourceTree = "<group>"; };
		0BE6903122AD499E0005B82F /* 009_1_1_2[8]_sumimasen.mp3 */ = {isa = PBXFileReference; lastKnownFileType = audio.mp3; path = "009_1_1_2[8]_sumimasen.mp3"; sourceTree = "<group>"; };
		0BE6903222AD499E0005B82F /* 001_A1_katsudoo_title.mp3 */ = {isa = PBXFileReference; lastKnownFileType = audio.mp3; path = 001_A1_katsudoo_title.mp3; sourceTree = "<group>"; };
		0BE6903322AD499E0005B82F /* 004_1_1_2[3]_konbanwa.mp3 */ = {isa = PBXFileReference; lastKnownFileType = audio.mp3; path = "004_1_1_2[3]_konbanwa.mp3"; sourceTree = "<group>"; };
		0BE6903422AD499E0005B82F /* 008_1_1_2[7]_sumimasen.mp3 */ = {isa = PBXFileReference; lastKnownFileType = audio.mp3; path = "008_1_1_2[7]_sumimasen.mp3"; sourceTree = "<group>"; };
		0BE6903522AD499E0005B82F /* 233_can-do_1_(1_1_3).mp3 */ = {isa = PBXFileReference; lastKnownFileType = audio.mp3; path = "233_can-do_1_(1_1_3).mp3"; sourceTree = "<group>"; };
		0BE6903622AD499E0005B82F /* 006_1_1_2[5]_osaki_ni.mp3 */ = {isa = PBXFileReference; lastKnownFileType = audio.mp3; path = "006_1_1_2[5]_osaki_ni.mp3"; sourceTree = "<group>"; };
		0BE6903722AD499F0005B82F /* 010_1_1_2[9]_sumimasen.mp3 */ = {isa = PBXFileReference; lastKnownFileType = audio.mp3; path = "010_1_1_2[9]_sumimasen.mp3"; sourceTree = "<group>"; };
		0BE6903822AD499F0005B82F /* 005_1_1_2[4]_sayoonara.mp3 */ = {isa = PBXFileReference; lastKnownFileType = audio.mp3; path = "005_1_1_2[4]_sayoonara.mp3"; sourceTree = "<group>"; };
		2A5FB36E811631FC3CC62C12 /* Pods-Marugoto.release.xcconfig */ = {isa = PBXFileReference; includeInIndex = 1; lastKnownFileType = text.xcconfig; name = "Pods-Marugoto.release.xcconfig"; path = "Target Support Files/Pods-Marugoto/Pods-Marugoto.release.xcconfig"; sourceTree = "<group>"; };
		4F26BF91C5F75367E664CD82 /* Pods-Marugoto.debug.xcconfig */ = {isa = PBXFileReference; includeInIndex = 1; lastKnownFileType = text.xcconfig; name = "Pods-Marugoto.debug.xcconfig"; path = "Target Support Files/Pods-Marugoto/Pods-Marugoto.debug.xcconfig"; sourceTree = "<group>"; };
		880E2DA21F5087A273E2E38B /* Pods_Marugoto.framework */ = {isa = PBXFileReference; explicitFileType = wrapper.framework; includeInIndex = 0; path = Pods_Marugoto.framework; sourceTree = BUILT_PRODUCTS_DIR; };
/* End PBXFileReference section */

/* Begin PBXFrameworksBuildPhase section */
		0BDADD5C229BC9D9009D97FA /* Frameworks */ = {
			isa = PBXFrameworksBuildPhase;
			buildActionMask = 2147483647;
			files = (
				022546DA122F7C39A048AC75 /* Pods_Marugoto.framework in Frameworks */,
			);
			runOnlyForDeploymentPostprocessing = 0;
		};
/* End PBXFrameworksBuildPhase section */

/* Begin PBXGroup section */
		0B07D29822AF8A1E0080B12C /* Cell */ = {
			isa = PBXGroup;
			children = (
				0B6E66D722A5535E0020F303 /* SoundTableViewCell.swift */,
				0B6E66D522A51DC60020F303 /* AlphabetTableViewCell.swift */,
				0BDBDC0122A7C2D4007B09AC /* NumberViewCell.swift */,
				0BDBDC0722A91354007B09AC /* CountObjectTBViewCell.swift */,
			);
			name = Cell;
			sourceTree = "<group>";
		};
		0B07D29922AF8A5C0080B12C /* Animation */ = {
			isa = PBXGroup;
			children = (
			);
			name = Animation;
			sourceTree = "<group>";
		};
		0B1BA69222AC60B30092C419 /* UI */ = {
			isa = PBXGroup;
			children = (
				0BE53F8322AA82D50098CCFA /* CanvasView.swift */,
			);
			name = UI;
			sourceTree = "<group>";
		};
		0B39180A22A69DCA00911970 /* Models */ = {
			isa = PBXGroup;
			children = (
				0B6E66D322A518C00020F303 /* Alphabet.swift */,
				0BDADD76229BE0CC009D97FA /* UserData.swift */,
				0BDADD7A229BE289009D97FA /* Lesson.swift */,
				0B39180822A66CE400911970 /* Song.swift */,
				0BDBDBFF22A7C06E007B09AC /* Number.swift */,
				0BDBDC1122A950E4007B09AC /* CountObject.swift */,
				0BDBDC1322A95164007B09AC /* SectionCountObject.swift */,
				0BE53F8122AA6ACB0098CCFA /* Drawer.swift */,
				0B8EEA3B22AC1502002259D2 /* Survey.swift */,
			);
			name = Models;
			sourceTree = "<group>";
		};
		0BDADD56229BC9D9009D97FA = {
			isa = PBXGroup;
			children = (
				0BDADD61229BC9D9009D97FA /* Marugoto */,
				0BDADD60229BC9D9009D97FA /* Products */,
				12361982A6029AB1682B3C17 /* Pods */,
				90ED14316F2981ACE23FA06C /* Frameworks */,
			);
			sourceTree = "<group>";
		};
		0BDADD60229BC9D9009D97FA /* Products */ = {
			isa = PBXGroup;
			children = (
				0BDADD5F229BC9D9009D97FA /* Marugoto.app */,
			);
			name = Products;
			sourceTree = "<group>";
		};
		0BDADD61229BC9D9009D97FA /* Marugoto */ = {
			isa = PBXGroup;
			children = (
				0B07D29922AF8A5C0080B12C /* Animation */,
				0B07D29822AF8A1E0080B12C /* Cell */,
				0B1BA69222AC60B30092C419 /* UI */,
				0BE53F8522AA9FA40098CCFA /* Controller */,
				0B39180A22A69DCA00911970 /* Models */,
				0BDADD85229C31C7009D97FA /* Sounds */,
				0BDADD62229BC9D9009D97FA /* AppDelegate.swift */,
				0BDADD64229BC9D9009D97FA /* ViewController.swift */,
				0B842BED22AEB259008DDD2E /* bb8.json */,
				0B842BEF22AEB2E3008DDD2E /* data.json */,
				0B842BEB22AE9575008DDD2E /* 2276-hiragana-a.json */,
				0BDADD66229BC9D9009D97FA /* Main.storyboard */,
				0BDADD69229BC9DA009D97FA /* Assets.xcassets */,
				0BDADD6B229BC9DA009D97FA /* LaunchScreen.storyboard */,
				0BDADD6E229BC9DA009D97FA /* Info.plist */,
				0BDBDC0922A92D6F007B09AC /* Extension.swift */,
			);
			path = Marugoto;
			sourceTree = "<group>";
		};
		0BDADD85229C31C7009D97FA /* Sounds */ = {
			isa = PBXGroup;
			children = (
				0BE6903222AD499E0005B82F /* 001_A1_katsudoo_title.mp3 */,
				0BE6902F22AD499D0005B82F /* 002_1_1_2.mp3 */,
				0BE6902E22AD499D0005B82F /* 002_1_1_2[1]_ohayoo.mp3 */,
				0BE6902D22AD499D0005B82F /* 003_1_1_2[2]_konnichiwa.mp3 */,
				0BE6903322AD499E0005B82F /* 004_1_1_2[3]_konbanwa.mp3 */,
				0BE6903822AD499F0005B82F /* 005_1_1_2[4]_sayoonara.mp3 */,
				0BE6903622AD499E0005B82F /* 006_1_1_2[5]_osaki_ni.mp3 */,
				0BE6903022AD499E0005B82F /* 007_1_1_2[6]_arigatoo.mp3 */,
				0BE6903422AD499E0005B82F /* 008_1_1_2[7]_sumimasen.mp3 */,
				0BE6903122AD499E0005B82F /* 009_1_1_2[8]_sumimasen.mp3 */,
				0BE6903722AD499F0005B82F /* 010_1_1_2[9]_sumimasen.mp3 */,
				0BE6903522AD499E0005B82F /* 233_can-do_1_(1_1_3).mp3 */,
				0B42633B229D5E2C004936FF /* sound_2.mp3 */,
				0B426339229D5E2C004936FF /* sound_3.mp3 */,
				0B42633A229D5E2C004936FF /* sound_4.mp3 */,
				0B6498CD229C782B00F67E04 /* sound_1.mp3 */,
			);
			name = Sounds;
			sourceTree = "<group>";
		};
		0BE53F8522AA9FA40098CCFA /* Controller */ = {
			isa = PBXGroup;
			children = (
				0BDADD74229BDEAD009D97FA /* CoursTableViewController.swift */,
				0BDADD81229C21CA009D97FA /* DetailsLessonViewController.swift */,
				0B6E66D122A50C650020F303 /* AlphabetViewController.swift */,
				0BDBDBFD22A7BFCE007B09AC /* NumberCollectionViewController.swift */,
				0BDBDC0522A90EA3007B09AC /* CountObjectViewController.swift */,
				0BE53F7F22AA65A80098CCFA /* DrawAlphabetViewController.swift */,
				0B8EEA3922AC14A9002259D2 /* SurveyViewController.swift */,
			);
			name = Controller;
			sourceTree = "<group>";
		};
		12361982A6029AB1682B3C17 /* Pods */ = {
			isa = PBXGroup;
			children = (
				4F26BF91C5F75367E664CD82 /* Pods-Marugoto.debug.xcconfig */,
				2A5FB36E811631FC3CC62C12 /* Pods-Marugoto.release.xcconfig */,
			);
			path = Pods;
			sourceTree = "<group>";
		};
		90ED14316F2981ACE23FA06C /* Frameworks */ = {
			isa = PBXGroup;
			children = (
				880E2DA21F5087A273E2E38B /* Pods_Marugoto.framework */,
			);
			name = Frameworks;
			sourceTree = "<group>";
		};
/* End PBXGroup section */

/* Begin PBXNativeTarget section */
		0BDADD5E229BC9D9009D97FA /* Marugoto */ = {
			isa = PBXNativeTarget;
			buildConfigurationList = 0BDADD71229BC9DA009D97FA /* Build configuration list for PBXNativeTarget "Marugoto" */;
			buildPhases = (
				3B670F08BEF1FF786270EBC9 /* [CP] Check Pods Manifest.lock */,
				0BDADD5B229BC9D9009D97FA /* Sources */,
				0BDADD5C229BC9D9009D97FA /* Frameworks */,
				0BDADD5D229BC9D9009D97FA /* Resources */,
				74FE6A8A43A8945611913B76 /* [CP] Embed Pods Frameworks */,
			);
			buildRules = (
			);
			dependencies = (
			);
			name = Marugoto;
			productName = Marugoto;
			productReference = 0BDADD5F229BC9D9009D97FA /* Marugoto.app */;
			productType = "com.apple.product-type.application";
		};
/* End PBXNativeTarget section */

/* Begin PBXProject section */
		0BDADD57229BC9D9009D97FA /* Project object */ = {
			isa = PBXProject;
			attributes = {
				LastSwiftUpdateCheck = 1020;
				LastUpgradeCheck = 1020;
				ORGANIZATIONNAME = Spoon;
				TargetAttributes = {
					0BDADD5E229BC9D9009D97FA = {
						CreatedOnToolsVersion = 10.2.1;
					};
				};
			};
			buildConfigurationList = 0BDADD5A229BC9D9009D97FA /* Build configuration list for PBXProject "Marugoto" */;
			compatibilityVersion = "Xcode 9.3";
			developmentRegion = en;
			hasScannedForEncodings = 0;
			knownRegions = (
				en,
				Base,
			);
			mainGroup = 0BDADD56229BC9D9009D97FA;
			productRefGroup = 0BDADD60229BC9D9009D97FA /* Products */;
			projectDirPath = "";
			projectRoot = "";
			targets = (
				0BDADD5E229BC9D9009D97FA /* Marugoto */,
			);
		};
/* End PBXProject section */

/* Begin PBXResourcesBuildPhase section */
		0BDADD5D229BC9D9009D97FA /* Resources */ = {
			isa = PBXResourcesBuildPhase;
			buildActionMask = 2147483647;
			files = (
				0BDADD6D229BC9DA009D97FA /* LaunchScreen.storyboard in Resources */,
				0BE6903922AD499F0005B82F /* 003_1_1_2[2]_konnichiwa.mp3 in Resources */,
				0BE6904322AD499F0005B82F /* 010_1_1_2[9]_sumimasen.mp3 in Resources */,
				0BE6904122AD499F0005B82F /* 233_can-do_1_(1_1_3).mp3 in Resources */,
				0BDADD6A229BC9DA009D97FA /* Assets.xcassets in Resources */,
				0BE6903A22AD499F0005B82F /* 002_1_1_2[1]_ohayoo.mp3 in Resources */,
				0B6498CE229C782B00F67E04 /* sound_1.mp3 in Resources */,
				0BE6903E22AD499F0005B82F /* 001_A1_katsudoo_title.mp3 in Resources */,
				0BDADD68229BC9D9009D97FA /* Main.storyboard in Resources */,
				0B42633C229D5E2C004936FF /* sound_3.mp3 in Resources */,
				0BE6904422AD499F0005B82F /* 005_1_1_2[4]_sayoonara.mp3 in Resources */,
				0B842BF022AEB2E4008DDD2E /* data.json in Resources */,
				0BE6903C22AD499F0005B82F /* 007_1_1_2[6]_arigatoo.mp3 in Resources */,
				0BE6903F22AD499F0005B82F /* 004_1_1_2[3]_konbanwa.mp3 in Resources */,
				0BE6904222AD499F0005B82F /* 006_1_1_2[5]_osaki_ni.mp3 in Resources */,
				0B42633E229D5E2C004936FF /* sound_2.mp3 in Resources */,
				0B842BEC22AE9576008DDD2E /* 2276-hiragana-a.json in Resources */,
				0BE6903B22AD499F0005B82F /* 002_1_1_2.mp3 in Resources */,
				0B842BEE22AEB259008DDD2E /* bb8.json in Resources */,
				0B42633D229D5E2C004936FF /* sound_4.mp3 in Resources */,
				0BE6903D22AD499F0005B82F /* 009_1_1_2[8]_sumimasen.mp3 in Resources */,
				0BE6904022AD499F0005B82F /* 008_1_1_2[7]_sumimasen.mp3 in Resources */,
			);
			runOnlyForDeploymentPostprocessing = 0;
		};
/* End PBXResourcesBuildPhase section */

/* Begin PBXShellScriptBuildPhase section */
		3B670F08BEF1FF786270EBC9 /* [CP] Check Pods Manifest.lock */ = {
			isa = PBXShellScriptBuildPhase;
			buildActionMask = 2147483647;
			files = (
			);
			inputFileListPaths = (
			);
			inputPaths = (
				"${PODS_PODFILE_DIR_PATH}/Podfile.lock",
				"${PODS_ROOT}/Manifest.lock",
			);
			name = "[CP] Check Pods Manifest.lock";
			outputFileListPaths = (
			);
			outputPaths = (
				"$(DERIVED_FILE_DIR)/Pods-Marugoto-checkManifestLockResult.txt",
			);
			runOnlyForDeploymentPostprocessing = 0;
			shellPath = /bin/sh;
			shellScript = "diff \"${PODS_PODFILE_DIR_PATH}/Podfile.lock\" \"${PODS_ROOT}/Manifest.lock\" > /dev/null\nif [ $? != 0 ] ; then\n    # print error to STDERR\n    echo \"error: The sandbox is not in sync with the Podfile.lock. Run 'pod install' or update your CocoaPods installation.\" >&2\n    exit 1\nfi\n# This output is used by Xcode 'outputs' to avoid re-running this script phase.\necho \"SUCCESS\" > \"${SCRIPT_OUTPUT_FILE_0}\"\n";
			showEnvVarsInLog = 0;
		};
		74FE6A8A43A8945611913B76 /* [CP] Embed Pods Frameworks */ = {
			isa = PBXShellScriptBuildPhase;
			buildActionMask = 2147483647;
			files = (
			);
			inputFileListPaths = (
				"${PODS_ROOT}/Target Support Files/Pods-Marugoto/Pods-Marugoto-frameworks-${CONFIGURATION}-input-files.xcfilelist",
			);
			name = "[CP] Embed Pods Frameworks";
			outputFileListPaths = (
				"${PODS_ROOT}/Target Support Files/Pods-Marugoto/Pods-Marugoto-frameworks-${CONFIGURATION}-output-files.xcfilelist",
			);
			runOnlyForDeploymentPostprocessing = 0;
			shellPath = /bin/sh;
			shellScript = "\"${PODS_ROOT}/Target Support Files/Pods-Marugoto/Pods-Marugoto-frameworks.sh\"\n";
			showEnvVarsInLog = 0;
		};
/* End PBXShellScriptBuildPhase section */

/* Begin PBXSourcesBuildPhase section */
		0BDADD5B229BC9D9009D97FA /* Sources */ = {
			isa = PBXSourcesBuildPhase;
			buildActionMask = 2147483647;
			files = (
				0BDADD7B229BE289009D97FA /* Lesson.swift in Sources */,
				0B8EEA3A22AC14A9002259D2 /* SurveyViewController.swift in Sources */,
				0B6E66D222A50C650020F303 /* AlphabetViewController.swift in Sources */,
				0B6E66D422A518C00020F303 /* Alphabet.swift in Sources */,
				0BDADD65229BC9D9009D97FA /* ViewController.swift in Sources */,
				0BDADD63229BC9D9009D97FA /* AppDelegate.swift in Sources */,
				0B39180922A66CE400911970 /* Song.swift in Sources */,
				0BDBDC0022A7C06E007B09AC /* Number.swift in Sources */,
				0BDBDC0822A91354007B09AC /* CountObjectTBViewCell.swift in Sources */,
				0BE53F8422AA82D50098CCFA /* CanvasView.swift in Sources */,
				0BDBDC1422A95164007B09AC /* SectionCountObject.swift in Sources */,
				0B6E66D822A5535E0020F303 /* SoundTableViewCell.swift in Sources */,
				0BE53F8022AA65A80098CCFA /* DrawAlphabetViewController.swift in Sources */,
				0BDADD77229BE0CC009D97FA /* UserData.swift in Sources */,
				0BDBDC0A22A92D6F007B09AC /* Extension.swift in Sources */,
				0BE53F8222AA6ACB0098CCFA /* Drawer.swift in Sources */,
				0BDBDC0222A7C2D4007B09AC /* NumberViewCell.swift in Sources */,
				0BDADD82229C21CB009D97FA /* DetailsLessonViewController.swift in Sources */,
				0BDBDC0622A90EA3007B09AC /* CountObjectViewController.swift in Sources */,
				0B6E66D622A51DC60020F303 /* AlphabetTableViewCell.swift in Sources */,
				0BDADD75229BDEAD009D97FA /* CoursTableViewController.swift in Sources */,
				0B8EEA3C22AC1502002259D2 /* Survey.swift in Sources */,
				0BDBDC1222A950E4007B09AC /* CountObject.swift in Sources */,
				0BDBDBFE22A7BFCE007B09AC /* NumberCollectionViewController.swift in Sources */,
			);
			runOnlyForDeploymentPostprocessing = 0;
		};
/* End PBXSourcesBuildPhase section */

/* Begin PBXVariantGroup section */
		0BDADD66229BC9D9009D97FA /* Main.storyboard */ = {
			isa = PBXVariantGroup;
			children = (
				0BDADD67229BC9D9009D97FA /* Base */,
			);
			name = Main.storyboard;
			sourceTree = "<group>";
		};
		0BDADD6B229BC9DA009D97FA /* LaunchScreen.storyboard */ = {
			isa = PBXVariantGroup;
			children = (
				0BDADD6C229BC9DA009D97FA /* Base */,
			);
			name = LaunchScreen.storyboard;
			sourceTree = "<group>";
		};
/* End PBXVariantGroup section */

/* Begin XCBuildConfiguration section */
		0BDADD6F229BC9DA009D97FA /* Debug */ = {
			isa = XCBuildConfiguration;
			buildSettings = {
				ALWAYS_SEARCH_USER_PATHS = NO;
				CLANG_ANALYZER_NONNULL = YES;
				CLANG_ANALYZER_NUMBER_OBJECT_CONVERSION = YES_AGGRESSIVE;
				CLANG_CXX_LANGUAGE_STANDARD = "gnu++14";
				CLANG_CXX_LIBRARY = "libc++";
				CLANG_ENABLE_MODULES = YES;
				CLANG_ENABLE_OBJC_ARC = YES;
				CLANG_ENABLE_OBJC_WEAK = YES;
				CLANG_WARN_BLOCK_CAPTURE_AUTORELEASING = YES;
				CLANG_WARN_BOOL_CONVERSION = YES;
				CLANG_WARN_COMMA = YES;
				CLANG_WARN_CONSTANT_CONVERSION = YES;
				CLANG_WARN_DEPRECATED_OBJC_IMPLEMENTATIONS = YES;
				CLANG_WARN_DIRECT_OBJC_ISA_USAGE = YES_ERROR;
				CLANG_WARN_DOCUMENTATION_COMMENTS = YES;
				CLANG_WARN_EMPTY_BODY = YES;
				CLANG_WARN_ENUM_CONVERSION = YES;
				CLANG_WARN_INFINITE_RECURSION = YES;
				CLANG_WARN_INT_CONVERSION = YES;
				CLANG_WARN_NON_LITERAL_NULL_CONVERSION = YES;
				CLANG_WARN_OBJC_IMPLICIT_RETAIN_SELF = YES;
				CLANG_WARN_OBJC_LITERAL_CONVERSION = YES;
				CLANG_WARN_OBJC_ROOT_CLASS = YES_ERROR;
				CLANG_WARN_RANGE_LOOP_ANALYSIS = YES;
				CLANG_WARN_STRICT_PROTOTYPES = YES;
				CLANG_WARN_SUSPICIOUS_MOVE = YES;
				CLANG_WARN_UNGUARDED_AVAILABILITY = YES_AGGRESSIVE;
				CLANG_WARN_UNREACHABLE_CODE = YES;
				CLANG_WARN__DUPLICATE_METHOD_MATCH = YES;
				CODE_SIGN_IDENTITY = "iPhone Developer";
				COPY_PHASE_STRIP = NO;
				DEBUG_INFORMATION_FORMAT = dwarf;
				ENABLE_STRICT_OBJC_MSGSEND = YES;
				ENABLE_TESTABILITY = YES;
				GCC_C_LANGUAGE_STANDARD = gnu11;
				GCC_DYNAMIC_NO_PIC = NO;
				GCC_NO_COMMON_BLOCKS = YES;
				GCC_OPTIMIZATION_LEVEL = 0;
				GCC_PREPROCESSOR_DEFINITIONS = (
					"DEBUG=1",
					"$(inherited)",
				);
				GCC_WARN_64_TO_32_BIT_CONVERSION = YES;
				GCC_WARN_ABOUT_RETURN_TYPE = YES_ERROR;
				GCC_WARN_UNDECLARED_SELECTOR = YES;
				GCC_WARN_UNINITIALIZED_AUTOS = YES_AGGRESSIVE;
				GCC_WARN_UNUSED_FUNCTION = YES;
				GCC_WARN_UNUSED_VARIABLE = YES;
				IPHONEOS_DEPLOYMENT_TARGET = 12.2;
				MTL_ENABLE_DEBUG_INFO = INCLUDE_SOURCE;
				MTL_FAST_MATH = YES;
				ONLY_ACTIVE_ARCH = YES;
				SDKROOT = iphoneos;
				SWIFT_ACTIVE_COMPILATION_CONDITIONS = DEBUG;
				SWIFT_OPTIMIZATION_LEVEL = "-Onone";
			};
			name = Debug;
		};
		0BDADD70229BC9DA009D97FA /* Release */ = {
			isa = XCBuildConfiguration;
			buildSettings = {
				ALWAYS_SEARCH_USER_PATHS = NO;
				CLANG_ANALYZER_NONNULL = YES;
				CLANG_ANALYZER_NUMBER_OBJECT_CONVERSION = YES_AGGRESSIVE;
				CLANG_CXX_LANGUAGE_STANDARD = "gnu++14";
				CLANG_CXX_LIBRARY = "libc++";
				CLANG_ENABLE_MODULES = YES;
				CLANG_ENABLE_OBJC_ARC = YES;
				CLANG_ENABLE_OBJC_WEAK = YES;
				CLANG_WARN_BLOCK_CAPTURE_AUTORELEASING = YES;
				CLANG_WARN_BOOL_CONVERSION = YES;
				CLANG_WARN_COMMA = YES;
				CLANG_WARN_CONSTANT_CONVERSION = YES;
				CLANG_WARN_DEPRECATED_OBJC_IMPLEMENTATIONS = YES;
				CLANG_WARN_DIRECT_OBJC_ISA_USAGE = YES_ERROR;
				CLANG_WARN_DOCUMENTATION_COMMENTS = YES;
				CLANG_WARN_EMPTY_BODY = YES;
				CLANG_WARN_ENUM_CONVERSION = YES;
				CLANG_WARN_INFINITE_RECURSION = YES;
				CLANG_WARN_INT_CONVERSION = YES;
				CLANG_WARN_NON_LITERAL_NULL_CONVERSION = YES;
				CLANG_WARN_OBJC_IMPLICIT_RETAIN_SELF = YES;
				CLANG_WARN_OBJC_LITERAL_CONVERSION = YES;
				CLANG_WARN_OBJC_ROOT_CLASS = YES_ERROR;
				CLANG_WARN_RANGE_LOOP_ANALYSIS = YES;
				CLANG_WARN_STRICT_PROTOTYPES = YES;
				CLANG_WARN_SUSPICIOUS_MOVE = YES;
				CLANG_WARN_UNGUARDED_AVAILABILITY = YES_AGGRESSIVE;
				CLANG_WARN_UNREACHABLE_CODE = YES;
				CLANG_WARN__DUPLICATE_METHOD_MATCH = YES;
				CODE_SIGN_IDENTITY = "iPhone Developer";
				COPY_PHASE_STRIP = NO;
				DEBUG_INFORMATION_FORMAT = "dwarf-with-dsym";
				ENABLE_NS_ASSERTIONS = NO;
				ENABLE_STRICT_OBJC_MSGSEND = YES;
				GCC_C_LANGUAGE_STANDARD = gnu11;
				GCC_NO_COMMON_BLOCKS = YES;
				GCC_WARN_64_TO_32_BIT_CONVERSION = YES;
				GCC_WARN_ABOUT_RETURN_TYPE = YES_ERROR;
				GCC_WARN_UNDECLARED_SELECTOR = YES;
				GCC_WARN_UNINITIALIZED_AUTOS = YES_AGGRESSIVE;
				GCC_WARN_UNUSED_FUNCTION = YES;
				GCC_WARN_UNUSED_VARIABLE = YES;
				IPHONEOS_DEPLOYMENT_TARGET = 12.2;
				MTL_ENABLE_DEBUG_INFO = NO;
				MTL_FAST_MATH = YES;
				SDKROOT = iphoneos;
				SWIFT_COMPILATION_MODE = wholemodule;
				SWIFT_OPTIMIZATION_LEVEL = "-O";
				VALIDATE_PRODUCT = YES;
			};
			name = Release;
		};
		0BDADD72229BC9DA009D97FA /* Debug */ = {
			isa = XCBuildConfiguration;
			baseConfigurationReference = 4F26BF91C5F75367E664CD82 /* Pods-Marugoto.debug.xcconfig */;
			buildSettings = {
				ASSETCATALOG_COMPILER_APPICON_NAME = AppIcon;
				CODE_SIGN_STYLE = Automatic;
				DEVELOPMENT_TEAM = 254PK58346;
				INFOPLIST_FILE = Marugoto/Info.plist;
				LD_RUNPATH_SEARCH_PATHS = (
					"$(inherited)",
					"@executable_path/Frameworks",
				);
				PRODUCT_BUNDLE_IDENTIFIER = fr.monopteam.Marugoto;
				PRODUCT_NAME = "$(TARGET_NAME)";
				SWIFT_VERSION = 5.0;
				TARGETED_DEVICE_FAMILY = "1,2";
			};
			name = Debug;
		};
		0BDADD73229BC9DA009D97FA /* Release */ = {
			isa = XCBuildConfiguration;
			baseConfigurationReference = 2A5FB36E811631FC3CC62C12 /* Pods-Marugoto.release.xcconfig */;
			buildSettings = {
				ASSETCATALOG_COMPILER_APPICON_NAME = AppIcon;
				CODE_SIGN_STYLE = Automatic;
				DEVELOPMENT_TEAM = 254PK58346;
				INFOPLIST_FILE = Marugoto/Info.plist;
				LD_RUNPATH_SEARCH_PATHS = (
					"$(inherited)",
					"@executable_path/Frameworks",
				);
				PRODUCT_BUNDLE_IDENTIFIER = fr.monopteam.Marugoto;
				PRODUCT_NAME = "$(TARGET_NAME)";
				SWIFT_VERSION = 5.0;
				TARGETED_DEVICE_FAMILY = "1,2";
			};
			name = Release;
		};
/* End XCBuildConfiguration section */

/* Begin XCConfigurationList section */
		0BDADD5A229BC9D9009D97FA /* Build configuration list for PBXProject "Marugoto" */ = {
			isa = XCConfigurationList;
			buildConfigurations = (
				0BDADD6F229BC9DA009D97FA /* Debug */,
				0BDADD70229BC9DA009D97FA /* Release */,
			);
			defaultConfigurationIsVisible = 0;
			defaultConfigurationName = Release;
		};
		0BDADD71229BC9DA009D97FA /* Build configuration list for PBXNativeTarget "Marugoto" */ = {
			isa = XCConfigurationList;
			buildConfigurations = (
				0BDADD72229BC9DA009D97FA /* Debug */,
				0BDADD73229BC9DA009D97FA /* Release */,
			);
			defaultConfigurationIsVisible = 0;
			defaultConfigurationName = Release;
		};
/* End XCConfigurationList section */
	};
	rootObject = 0BDADD57229BC9D9009D97FA /* Project object */;
}
